// !$*UTF8*$!
{
	archiveVersion = 1;
	classes = {
	};
	objectVersion = 56;
	objects = {

/* Begin PBXBuildFile section */
		D9237C762C54F1A0007B37E3 /* App.swift in Sources */ = {isa = PBXBuildFile; fileRef = D9237C752C54F1A0007B37E3 /* App.swift */; };
		D9237C7A2C54F1A1007B37E3 /* Assets.xcassets in Resources */ = {isa = PBXBuildFile; fileRef = D9237C792C54F1A1007B37E3 /* Assets.xcassets */; };
		D9237C7D2C54F1A1007B37E3 /* Preview Assets.xcassets in Resources */ = {isa = PBXBuildFile; fileRef = D9237C7C2C54F1A1007B37E3 /* Preview Assets.xcassets */; };
		D9237C882C54F1E3007B37E3 /* HomeView.swift in Sources */ = {isa = PBXBuildFile; fileRef = D9237C872C54F1E3007B37E3 /* HomeView.swift */; };
		D9237C8B2C54F226007B37E3 /* TyradexKit in Frameworks */ = {isa = PBXBuildFile; productRef = D9237C8A2C54F226007B37E3 /* TyradexKit */; };
		D9237C8D2C54F261007B37E3 /* PokemonRow.swift in Sources */ = {isa = PBXBuildFile; fileRef = D9237C8C2C54F261007B37E3 /* PokemonRow.swift */; };
		D9237C8F2C54F4A3007B37E3 /* Color+Extensions.swift in Sources */ = {isa = PBXBuildFile; fileRef = D9237C8E2C54F4A3007B37E3 /* Color+Extensions.swift */; };
		D9237C922C54F719007B37E3 /* PokemonDetailView.swift in Sources */ = {isa = PBXBuildFile; fileRef = D9237C912C54F719007B37E3 /* PokemonDetailView.swift */; };
		D9237C982C54F7C4007B37E3 /* NavigationDirection.swift in Sources */ = {isa = PBXBuildFile; fileRef = D9237C932C54F7C4007B37E3 /* NavigationDirection.swift */; };
		D9237C992C54F7C4007B37E3 /* NavigationManager.swift in Sources */ = {isa = PBXBuildFile; fileRef = D9237C942C54F7C4007B37E3 /* NavigationManager.swift */; };
		D9237C9A2C54F7C4007B37E3 /* NavigationStack.swift in Sources */ = {isa = PBXBuildFile; fileRef = D9237C952C54F7C4007B37E3 /* NavigationStack.swift */; };
		D9237C9B2C54F7C4007B37E3 /* Router.swift in Sources */ = {isa = PBXBuildFile; fileRef = D9237C962C54F7C4007B37E3 /* Router.swift */; };
/* End PBXBuildFile section */

/* Begin PBXFileReference section */
		D9237C722C54F1A0007B37E3 /* Tyradex.app */ = {isa = PBXFileReference; explicitFileType = wrapper.application; includeInIndex = 0; path = Tyradex.app; sourceTree = BUILT_PRODUCTS_DIR; };
		D9237C752C54F1A0007B37E3 /* App.swift */ = {isa = PBXFileReference; lastKnownFileType = sourcecode.swift; path = App.swift; sourceTree = "<group>"; };
		D9237C792C54F1A1007B37E3 /* Assets.xcassets */ = {isa = PBXFileReference; lastKnownFileType = folder.assetcatalog; path = Assets.xcassets; sourceTree = "<group>"; };
		D9237C7C2C54F1A1007B37E3 /* Preview Assets.xcassets */ = {isa = PBXFileReference; lastKnownFileType = folder.assetcatalog; path = "Preview Assets.xcassets"; sourceTree = "<group>"; };
		D9237C872C54F1E3007B37E3 /* HomeView.swift */ = {isa = PBXFileReference; lastKnownFileType = sourcecode.swift; path = HomeView.swift; sourceTree = "<group>"; };
		D9237C8C2C54F261007B37E3 /* PokemonRow.swift */ = {isa = PBXFileReference; fileEncoding = 4; lastKnownFileType = sourcecode.swift; path = PokemonRow.swift; sourceTree = "<group>"; };
		D9237C8E2C54F4A3007B37E3 /* Color+Extensions.swift */ = {isa = PBXFileReference; fileEncoding = 4; lastKnownFileType = sourcecode.swift; path = "Color+Extensions.swift"; sourceTree = "<group>"; };
		D9237C912C54F719007B37E3 /* PokemonDetailView.swift */ = {isa = PBXFileReference; lastKnownFileType = sourcecode.swift; path = PokemonDetailView.swift; sourceTree = "<group>"; };
		D9237C932C54F7C4007B37E3 /* NavigationDirection.swift */ = {isa = PBXFileReference; fileEncoding = 4; lastKnownFileType = sourcecode.swift; path = NavigationDirection.swift; sourceTree = "<group>"; };
		D9237C942C54F7C4007B37E3 /* NavigationManager.swift */ = {isa = PBXFileReference; fileEncoding = 4; lastKnownFileType = sourcecode.swift; path = NavigationManager.swift; sourceTree = "<group>"; };
		D9237C952C54F7C4007B37E3 /* NavigationStack.swift */ = {isa = PBXFileReference; fileEncoding = 4; lastKnownFileType = sourcecode.swift; path = NavigationStack.swift; sourceTree = "<group>"; };
		D9237C962C54F7C4007B37E3 /* Router.swift */ = {isa = PBXFileReference; fileEncoding = 4; lastKnownFileType = sourcecode.swift; path = Router.swift; sourceTree = "<group>"; };
/* End PBXFileReference section */

/* Begin PBXFrameworksBuildPhase section */
		D9237C6F2C54F1A0007B37E3 /* Frameworks */ = {
			isa = PBXFrameworksBuildPhase;
			buildActionMask = 2147483647;
			files = (
				D9237C8B2C54F226007B37E3 /* TyradexKit in Frameworks */,
			);
			runOnlyForDeploymentPostprocessing = 0;
		};
/* End PBXFrameworksBuildPhase section */

/* Begin PBXGroup section */
		D9237C692C54F1A0007B37E3 = {
			isa = PBXGroup;
			children = (
				D9237C742C54F1A0007B37E3 /* Tyradex */,
				D9237C732C54F1A0007B37E3 /* Products */,
			);
			sourceTree = "<group>";
		};
		D9237C732C54F1A0007B37E3 /* Products */ = {
			isa = PBXGroup;
			children = (
				D9237C722C54F1A0007B37E3 /* Tyradex.app */,
			);
			name = Products;
			sourceTree = "<group>";
		};
		D9237C742C54F1A0007B37E3 /* Tyradex */ = {
			isa = PBXGroup;
			children = (
				D9237C752C54F1A0007B37E3 /* App.swift */,
				D9237C832C54F1B9007B37E3 /* Views */,
				D9237C842C54F1C0007B37E3 /* Components */,
				D9237C852C54F1C9007B37E3 /* Resources */,
				D9237C7B2C54F1A1007B37E3 /* Preview Content */,
			);
			path = Tyradex;
			sourceTree = "<group>";
		};
		D9237C7B2C54F1A1007B37E3 /* Preview Content */ = {
			isa = PBXGroup;
			children = (
				D9237C7C2C54F1A1007B37E3 /* Preview Assets.xcassets */,
			);
			path = "Preview Content";
			sourceTree = "<group>";
		};
		D9237C832C54F1B9007B37E3 /* Views */ = {
			isa = PBXGroup;
			children = (
				D9237C872C54F1E3007B37E3 /* HomeView.swift */,
				D9237C912C54F719007B37E3 /* PokemonDetailView.swift */,
			);
			path = Views;
			sourceTree = "<group>";
		};
		D9237C842C54F1C0007B37E3 /* Components */ = {
			isa = PBXGroup;
			children = (
				D9237C8C2C54F261007B37E3 /* PokemonRow.swift */,
			);
			path = Components;
			sourceTree = "<group>";
		};
		D9237C852C54F1C9007B37E3 /* Resources */ = {
			isa = PBXGroup;
			children = (
				D9237C862C54F1D0007B37E3 /* Assets */,
				D9237C902C54F4AA007B37E3 /* Extensions */,
				D9237C972C54F7C4007B37E3 /* Navigation */,
			);
			path = Resources;
			sourceTree = "<group>";
		};
		D9237C862C54F1D0007B37E3 /* Assets */ = {
			isa = PBXGroup;
			children = (
				D9237C792C54F1A1007B37E3 /* Assets.xcassets */,
			);
			path = Assets;
			sourceTree = "<group>";
		};
		D9237C902C54F4AA007B37E3 /* Extensions */ = {
			isa = PBXGroup;
			children = (
				D9237C8E2C54F4A3007B37E3 /* Color+Extensions.swift */,
			);
			path = Extensions;
			sourceTree = "<group>";
		};
		D9237C972C54F7C4007B37E3 /* Navigation */ = {
			isa = PBXGroup;
			children = (
				D9237C932C54F7C4007B37E3 /* NavigationDirection.swift */,
				D9237C942C54F7C4007B37E3 /* NavigationManager.swift */,
				D9237C952C54F7C4007B37E3 /* NavigationStack.swift */,
				D9237C962C54F7C4007B37E3 /* Router.swift */,
			);
			path = Navigation;
			sourceTree = "<group>";
		};
/* End PBXGroup section */

/* Begin PBXNativeTarget section */
		D9237C712C54F1A0007B37E3 /* Tyradex */ = {
			isa = PBXNativeTarget;
			buildConfigurationList = D9237C802C54F1A1007B37E3 /* Build configuration list for PBXNativeTarget "Tyradex" */;
			buildPhases = (
				D9237C6E2C54F1A0007B37E3 /* Sources */,
				D9237C6F2C54F1A0007B37E3 /* Frameworks */,
				D9237C702C54F1A0007B37E3 /* Resources */,
			);
			buildRules = (
			);
			dependencies = (
			);
			name = Tyradex;
			packageProductDependencies = (
				D9237C8A2C54F226007B37E3 /* TyradexKit */,
			);
			productName = Tyradex;
			productReference = D9237C722C54F1A0007B37E3 /* Tyradex.app */;
			productType = "com.apple.product-type.application";
		};
/* End PBXNativeTarget section */

/* Begin PBXProject section */
		D9237C6A2C54F1A0007B37E3 /* Project object */ = {
			isa = PBXProject;
			attributes = {
				BuildIndependentTargetsInParallel = 1;
				LastSwiftUpdateCheck = 1540;
				LastUpgradeCheck = 1540;
				TargetAttributes = {
					D9237C712C54F1A0007B37E3 = {
						CreatedOnToolsVersion = 15.4;
					};
				};
			};
			buildConfigurationList = D9237C6D2C54F1A0007B37E3 /* Build configuration list for PBXProject "Tyradex" */;
			compatibilityVersion = "Xcode 14.0";
			developmentRegion = en;
			hasScannedForEncodings = 0;
			knownRegions = (
				en,
				Base,
			);
			mainGroup = D9237C692C54F1A0007B37E3;
			packageReferences = (
				D9237C892C54F226007B37E3 /* XCRemoteSwiftPackageReference "TyradexKit" */,
			);
			productRefGroup = D9237C732C54F1A0007B37E3 /* Products */;
			projectDirPath = "";
			projectRoot = "";
			targets = (
				D9237C712C54F1A0007B37E3 /* Tyradex */,
			);
		};
/* End PBXProject section */

/* Begin PBXResourcesBuildPhase section */
		D9237C702C54F1A0007B37E3 /* Resources */ = {
			isa = PBXResourcesBuildPhase;
			buildActionMask = 2147483647;
			files = (
				D9237C7D2C54F1A1007B37E3 /* Preview Assets.xcassets in Resources */,
				D9237C7A2C54F1A1007B37E3 /* Assets.xcassets in Resources */,
			);
			runOnlyForDeploymentPostprocessing = 0;
		};
/* End PBXResourcesBuildPhase section */

/* Begin PBXSourcesBuildPhase section */
		D9237C6E2C54F1A0007B37E3 /* Sources */ = {
			isa = PBXSourcesBuildPhase;
			buildActionMask = 2147483647;
			files = (
				D9237C882C54F1E3007B37E3 /* HomeView.swift in Sources */,
				D9237C982C54F7C4007B37E3 /* NavigationDirection.swift in Sources */,
				D9237C992C54F7C4007B37E3 /* NavigationManager.swift in Sources */,
				D9237C922C54F719007B37E3 /* PokemonDetailView.swift in Sources */,
				D9237C9B2C54F7C4007B37E3 /* Router.swift in Sources */,
				D9237C762C54F1A0007B37E3 /* App.swift in Sources */,
				D9237C8D2C54F261007B37E3 /* PokemonRow.swift in Sources */,
				D9237C9A2C54F7C4007B37E3 /* NavigationStack.swift in Sources */,
				D9237C8F2C54F4A3007B37E3 /* Color+Extensions.swift in Sources */,
			);
			runOnlyForDeploymentPostprocessing = 0;
		};
/* End PBXSourcesBuildPhase section */

/* Begin XCBuildConfiguration section */
		D9237C7E2C54F1A1007B37E3 /* Debug */ = {
			isa = XCBuildConfiguration;
			buildSettings = {
				ALWAYS_SEARCH_USER_PATHS = NO;
				ASSETCATALOG_COMPILER_GENERATE_SWIFT_ASSET_SYMBOL_EXTENSIONS = YES;
				CLANG_ANALYZER_NONNULL = YES;
				CLANG_ANALYZER_NUMBER_OBJECT_CONVERSION = YES_AGGRESSIVE;
				CLANG_CXX_LANGUAGE_STANDARD = "gnu++20";
				CLANG_ENABLE_MODULES = YES;
				CLANG_ENABLE_OBJC_ARC = YES;
				CLANG_ENABLE_OBJC_WEAK = YES;
				CLANG_WARN_BLOCK_CAPTURE_AUTORELEASING = YES;
				CLANG_WARN_BOOL_CONVERSION = YES;
				CLANG_WARN_COMMA = YES;
				CLANG_WARN_CONSTANT_CONVERSION = YES;
				CLANG_WARN_DEPRECATED_OBJC_IMPLEMENTATIONS = YES;
				CLANG_WARN_DIRECT_OBJC_ISA_USAGE = YES_ERROR;
				CLANG_WARN_DOCUMENTATION_COMMENTS = YES;
				CLANG_WARN_EMPTY_BODY = YES;
				CLANG_WARN_ENUM_CONVERSION = YES;
				CLANG_WARN_INFINITE_RECURSION = YES;
				CLANG_WARN_INT_CONVERSION = YES;
				CLANG_WARN_NON_LITERAL_NULL_CONVERSION = YES;
				CLANG_WARN_OBJC_IMPLICIT_RETAIN_SELF = YES;
				CLANG_WARN_OBJC_LITERAL_CONVERSION = YES;
				CLANG_WARN_OBJC_ROOT_CLASS = YES_ERROR;
				CLANG_WARN_QUOTED_INCLUDE_IN_FRAMEWORK_HEADER = YES;
				CLANG_WARN_RANGE_LOOP_ANALYSIS = YES;
				CLANG_WARN_STRICT_PROTOTYPES = YES;
				CLANG_WARN_SUSPICIOUS_MOVE = YES;
				CLANG_WARN_UNGUARDED_AVAILABILITY = YES_AGGRESSIVE;
				CLANG_WARN_UNREACHABLE_CODE = YES;
				CLANG_WARN__DUPLICATE_METHOD_MATCH = YES;
				COPY_PHASE_STRIP = NO;
				DEBUG_INFORMATION_FORMAT = dwarf;
				ENABLE_STRICT_OBJC_MSGSEND = YES;
				ENABLE_TESTABILITY = YES;
				ENABLE_USER_SCRIPT_SANDBOXING = YES;
				GCC_C_LANGUAGE_STANDARD = gnu17;
				GCC_DYNAMIC_NO_PIC = NO;
				GCC_NO_COMMON_BLOCKS = YES;
				GCC_OPTIMIZATION_LEVEL = 0;
				GCC_PREPROCESSOR_DEFINITIONS = (
					"DEBUG=1",
					"$(inherited)",
				);
				GCC_WARN_64_TO_32_BIT_CONVERSION = YES;
				GCC_WARN_ABOUT_RETURN_TYPE = YES_ERROR;
				GCC_WARN_UNDECLARED_SELECTOR = YES;
				GCC_WARN_UNINITIALIZED_AUTOS = YES_AGGRESSIVE;
				GCC_WARN_UNUSED_FUNCTION = YES;
				GCC_WARN_UNUSED_VARIABLE = YES;
				IPHONEOS_DEPLOYMENT_TARGET = 16.0;
				LOCALIZATION_PREFERS_STRING_CATALOGS = YES;
				MTL_ENABLE_DEBUG_INFO = INCLUDE_SOURCE;
				MTL_FAST_MATH = YES;
				ONLY_ACTIVE_ARCH = YES;
				SDKROOT = iphoneos;
				SWIFT_ACTIVE_COMPILATION_CONDITIONS = "DEBUG $(inherited)";
				SWIFT_OPTIMIZATION_LEVEL = "-Onone";
			};
			name = Debug;
		};
		D9237C7F2C54F1A1007B37E3 /* Release */ = {
			isa = XCBuildConfiguration;
			buildSettings = {
				ALWAYS_SEARCH_USER_PATHS = NO;
				ASSETCATALOG_COMPILER_GENERATE_SWIFT_ASSET_SYMBOL_EXTENSIONS = YES;
				CLANG_ANALYZER_NONNULL = YES;
				CLANG_ANALYZER_NUMBER_OBJECT_CONVERSION = YES_AGGRESSIVE;
				CLANG_CXX_LANGUAGE_STANDARD = "gnu++20";
				CLANG_ENABLE_MODULES = YES;
				CLANG_ENABLE_OBJC_ARC = YES;
				CLANG_ENABLE_OBJC_WEAK = YES;
				CLANG_WARN_BLOCK_CAPTURE_AUTORELEASING = YES;
				CLANG_WARN_BOOL_CONVERSION = YES;
				CLANG_WARN_COMMA = YES;
				CLANG_WARN_CONSTANT_CONVERSION = YES;
				CLANG_WARN_DEPRECATED_OBJC_IMPLEMENTATIONS = YES;
				CLANG_WARN_DIRECT_OBJC_ISA_USAGE = YES_ERROR;
				CLANG_WARN_DOCUMENTATION_COMMENTS = YES;
				CLANG_WARN_EMPTY_BODY = YES;
				CLANG_WARN_ENUM_CONVERSION = YES;
				CLANG_WARN_INFINITE_RECURSION = YES;
				CLANG_WARN_INT_CONVERSION = YES;
				CLANG_WARN_NON_LITERAL_NULL_CONVERSION = YES;
				CLANG_WARN_OBJC_IMPLICIT_RETAIN_SELF = YES;
				CLANG_WARN_OBJC_LITERAL_CONVERSION = YES;
				CLANG_WARN_OBJC_ROOT_CLASS = YES_ERROR;
				CLANG_WARN_QUOTED_INCLUDE_IN_FRAMEWORK_HEADER = YES;
				CLANG_WARN_RANGE_LOOP_ANALYSIS = YES;
				CLANG_WARN_STRICT_PROTOTYPES = YES;
				CLANG_WARN_SUSPICIOUS_MOVE = YES;
				CLANG_WARN_UNGUARDED_AVAILABILITY = YES_AGGRESSIVE;
				CLANG_WARN_UNREACHABLE_CODE = YES;
				CLANG_WARN__DUPLICATE_METHOD_MATCH = YES;
				COPY_PHASE_STRIP = NO;
				DEBUG_INFORMATION_FORMAT = "dwarf-with-dsym";
				ENABLE_NS_ASSERTIONS = NO;
				ENABLE_STRICT_OBJC_MSGSEND = YES;
				ENABLE_USER_SCRIPT_SANDBOXING = YES;
				GCC_C_LANGUAGE_STANDARD = gnu17;
				GCC_NO_COMMON_BLOCKS = YES;
				GCC_WARN_64_TO_32_BIT_CONVERSION = YES;
				GCC_WARN_ABOUT_RETURN_TYPE = YES_ERROR;
				GCC_WARN_UNDECLARED_SELECTOR = YES;
				GCC_WARN_UNINITIALIZED_AUTOS = YES_AGGRESSIVE;
				GCC_WARN_UNUSED_FUNCTION = YES;
				GCC_WARN_UNUSED_VARIABLE = YES;
				IPHONEOS_DEPLOYMENT_TARGET = 16.0;
				LOCALIZATION_PREFERS_STRING_CATALOGS = YES;
				MTL_ENABLE_DEBUG_INFO = NO;
				MTL_FAST_MATH = YES;
				SDKROOT = iphoneos;
				SWIFT_COMPILATION_MODE = wholemodule;
				VALIDATE_PRODUCT = YES;
			};
			name = Release;
		};
		D9237C812C54F1A1007B37E3 /* Debug */ = {
			isa = XCBuildConfiguration;
			buildSettings = {
				ASSETCATALOG_COMPILER_APPICON_NAME = AppIcon;
				ASSETCATALOG_COMPILER_GLOBAL_ACCENT_COLOR_NAME = AccentColor;
				CODE_SIGN_STYLE = Automatic;
				CURRENT_PROJECT_VERSION = 1;
				DEVELOPMENT_ASSET_PATHS = "\"Tyradex/Preview Content\"";
				DEVELOPMENT_TEAM = 8TMMB69WBG;
				ENABLE_PREVIEWS = YES;
				GENERATE_INFOPLIST_FILE = YES;
				INFOPLIST_KEY_CFBundleDisplayName = Tyradex;
				INFOPLIST_KEY_LSApplicationCategoryType = "public.app-category.utilities";
				INFOPLIST_KEY_UIApplicationSceneManifest_Generation = YES;
				INFOPLIST_KEY_UIApplicationSupportsIndirectInputEvents = YES;
				INFOPLIST_KEY_UILaunchScreen_Generation = YES;
				INFOPLIST_KEY_UISupportedInterfaceOrientations = UIInterfaceOrientationPortrait;
				INFOPLIST_KEY_UISupportedInterfaceOrientations_iPad = "UIInterfaceOrientationLandscapeLeft UIInterfaceOrientationLandscapeRight UIInterfaceOrientationPortrait UIInterfaceOrientationPortraitUpsideDown";
				IPHONEOS_DEPLOYMENT_TARGET = 16.0;
				LD_RUNPATH_SEARCH_PATHS = (
					"$(inherited)",
					"@executable_path/Frameworks",
				);
				MARKETING_VERSION = 1.0;
				PRODUCT_BUNDLE_IDENTIFIER = sementa.com.Tyradex;
				PRODUCT_NAME = "$(TARGET_NAME)";
				SUPPORTED_PLATFORMS = "iphoneos iphonesimulator xros xrsimulator";
				SUPPORTS_MACCATALYST = NO;
				SUPPORTS_XR_DESIGNED_FOR_IPHONE_IPAD = NO;
				SWIFT_EMIT_LOC_STRINGS = YES;
				SWIFT_VERSION = 5.0;
				TARGETED_DEVICE_FAMILY = "1,2,7";
			};
			name = Debug;
		};
		D9237C822C54F1A1007B37E3 /* Release */ = {
			isa = XCBuildConfiguration;
			buildSettings = {
				ASSETCATALOG_COMPILER_APPICON_NAME = AppIcon;
				ASSETCATALOG_COMPILER_GLOBAL_ACCENT_COLOR_NAME = AccentColor;
				CODE_SIGN_STYLE = Automatic;
				CURRENT_PROJECT_VERSION = 1;
				DEVELOPMENT_ASSET_PATHS = "\"Tyradex/Preview Content\"";
				DEVELOPMENT_TEAM = 8TMMB69WBG;
				ENABLE_PREVIEWS = YES;
				GENERATE_INFOPLIST_FILE = YES;
				INFOPLIST_KEY_CFBundleDisplayName = Tyradex;
				INFOPLIST_KEY_LSApplicationCategoryType = "public.app-category.utilities";
				INFOPLIST_KEY_UIApplicationSceneManifest_Generation = YES;
				INFOPLIST_KEY_UIApplicationSupportsIndirectInputEvents = YES;
				INFOPLIST_KEY_UILaunchScreen_Generation = YES;
				INFOPLIST_KEY_UISupportedInterfaceOrientations = UIInterfaceOrientationPortrait;
				INFOPLIST_KEY_UISupportedInterfaceOrientations_iPad = "UIInterfaceOrientationLandscapeLeft UIInterfaceOrientationLandscapeRight UIInterfaceOrientationPortrait UIInterfaceOrientationPortraitUpsideDown";
				IPHONEOS_DEPLOYMENT_TARGET = 16.0;
				LD_RUNPATH_SEARCH_PATHS = (
					"$(inherited)",
					"@executable_path/Frameworks",
				);
				MARKETING_VERSION = 1.0;
				PRODUCT_BUNDLE_IDENTIFIER = sementa.com.Tyradex;
				PRODUCT_NAME = "$(TARGET_NAME)";
				SUPPORTED_PLATFORMS = "iphoneos iphonesimulator xros xrsimulator";
				SUPPORTS_MACCATALYST = NO;
				SUPPORTS_XR_DESIGNED_FOR_IPHONE_IPAD = NO;
				SWIFT_EMIT_LOC_STRINGS = YES;
				SWIFT_VERSION = 5.0;
				TARGETED_DEVICE_FAMILY = "1,2,7";
			};
			name = Release;
		};
/* End XCBuildConfiguration section */

/* Begin XCConfigurationList section */
		D9237C6D2C54F1A0007B37E3 /* Build configuration list for PBXProject "Tyradex" */ = {
			isa = XCConfigurationList;
			buildConfigurations = (
				D9237C7E2C54F1A1007B37E3 /* Debug */,
				D9237C7F2C54F1A1007B37E3 /* Release */,
			);
			defaultConfigurationIsVisible = 0;
			defaultConfigurationName = Release;
		};
		D9237C802C54F1A1007B37E3 /* Build configuration list for PBXNativeTarget "Tyradex" */ = {
			isa = XCConfigurationList;
			buildConfigurations = (
				D9237C812C54F1A1007B37E3 /* Debug */,
				D9237C822C54F1A1007B37E3 /* Release */,
			);
			defaultConfigurationIsVisible = 0;
			defaultConfigurationName = Release;
		};
/* End XCConfigurationList section */

/* Begin XCRemoteSwiftPackageReference section */
		D9237C892C54F226007B37E3 /* XCRemoteSwiftPackageReference "TyradexKit" */ = {
			isa = XCRemoteSwiftPackageReference;
			repositoryURL = "https://github.com/theosementa/TyradexKit";
			requirement = {
				branch = main;
				kind = branch;
			};
		};
/* End XCRemoteSwiftPackageReference section */

/* Begin XCSwiftPackageProductDependency section */
		D9237C8A2C54F226007B37E3 /* TyradexKit */ = {
			isa = XCSwiftPackageProductDependency;
			package = D9237C892C54F226007B37E3 /* XCRemoteSwiftPackageReference "TyradexKit" */;
			productName = TyradexKit;
		};
/* End XCSwiftPackageProductDependency section */
	};
	rootObject = D9237C6A2C54F1A0007B37E3 /* Project object */;
}
